
Microsoft Visual Studio Solution File, Format Version 12.00
# Visual Studio Version 17
VisualStudioVersion = 17.5.33424.131
MinimumVisualStudioVersion = 10.0.40219.1
Project("{9A19103F-16F7-4668-BE54-9A1E7A4F7556}") = "CrudOperations", "CrudOperations\CrudOperations.csproj", "{136643C1-C7C7-4D4C-8B5D-37748CC00B92}"
EndProject
Project("{9A19103F-16F7-4668-BE54-9A1E7A4F7556}") = "BlazorApp1", "BlazorApp1\BlazorApp1.csproj", "{14CB68C9-67AE-4FD9-AAC9-2D98B2EE94C0}"
EndProject
Global
	GlobalSection(SolutionConfigurationPlatforms) = preSolution
		Debug|Any CPU = Debug|Any CPU
		Release|Any CPU = Release|Any CPU
	EndGlobalSection
	GlobalSection(ProjectConfigurationPlatforms) = postSolution
		{136643C1-C7C7-4D4C-8B5D-37748CC00B92}.Debug|Any CPU.ActiveCfg = Debug|Any CPU
		{136643C1-C7C7-4D4C-8B5D-37748CC00B92}.Debug|Any CPU.Build.0 = Debug|Any CPU
		{136643C1-C7C7-4D4C-8B5D-37748CC00B92}.Release|Any CPU.ActiveCfg = Release|Any CPU
		{136643C1-C7C7-4D4C-8B5D-37748CC00B92}.Release|Any CPU.Build.0 = Release|Any CPU
		{14CB68C9-67AE-4FD9-AAC9-2D98B2EE94C0}.Debug|Any CPU.ActiveCfg = Debug|Any CPU
		{14CB68C9-67AE-4FD9-AAC9-2D98B2EE94C0}.Debug|Any CPU.Build.0 = Debug|Any CPU
		{14CB68C9-67AE-4FD9-AAC9-2D98B2EE94C0}.Release|Any CPU.ActiveCfg = Release|Any CPU
		{14CB68C9-67AE-4FD9-AAC9-2D98B2EE94C0}.Release|Any CPU.Build.0 = Release|Any CPU
	EndGlobalSection
	GlobalSection(SolutionProperties) = preSolution
		HideSolutionNode = FALSE
	EndGlobalSection
	GlobalSection(ExtensibilityGlobals) = postSolution
		SolutionGuid = {73EC721C-D0BC-4507-BB9D-C824D7371E13}
	EndGlobalSection
EndGlobal
